
Microsoft Visual Studio Solution File, Format Version 12.00
# Visual Studio Version 17
VisualStudioVersion = 17.8.34330.188
MinimumVisualStudioVersion = 10.0.40219.1
Project("{FAE04EC0-301F-11D3-BF4B-00C04F79EFBC}") = "sda.backend.minimalapi.ui", "sda.backend.minimalapi.ui\sda.backend.minimalapi.ui.csproj", "{81C8B608-C2AF-4D2D-9648-9B7C0DFE6B5D}"
EndProject
Global
	GlobalSection(SolutionConfigurationPlatforms) = preSolution
		Debug|Any CPU = Debug|Any CPU
		Release|Any CPU = Release|Any CPU
	EndGlobalSection
	GlobalSection(ProjectConfigurationPlatforms) = postSolution
		{81C8B608-C2AF-4D2D-9648-9B7C0DFE6B5D}.Debug|Any CPU.ActiveCfg = Debug|Any CPU
		{81C8B608-C2AF-4D2D-9648-9B7C0DFE6B5D}.Debug|Any CPU.Build.0 = Debug|Any CPU
		{81C8B608-C2AF-4D2D-9648-9B7C0DFE6B5D}.Release|Any CPU.ActiveCfg = Release|Any CPU
		{81C8B608-C2AF-4D2D-9648-9B7C0DFE6B5D}.Release|Any CPU.Build.0 = Release|Any CPU
	EndGlobalSection
	GlobalSection(SolutionProperties) = preSolution
		HideSolutionNode = FALSE
	EndGlobalSection
	GlobalSection(ExtensibilityGlobals) = postSolution
		SolutionGuid = {206C6410-9E52-48FC-A85B-FC307C025578}
	EndGlobalSection
EndGlobal
